
Microsoft Visual Studio Solution File, Format Version 12.00
# Visual Studio Version 17
VisualStudioVersion = 17.6.33829.357
MinimumVisualStudioVersion = 10.0.40219.1
Project("{FAE04EC0-301F-11D3-BF4B-00C04F79EFBC}") = "Projeto_Gran_Prix", "Projeto_Gran_Prix.csproj", "{F13B3643-9665-46EA-AB10-58FBFDF84EBB}"
EndProject
Global
	GlobalSection(SolutionConfigurationPlatforms) = preSolution
		Debug|Any CPU = Debug|Any CPU
		Release|Any CPU = Release|Any CPU
	EndGlobalSection
	GlobalSection(ProjectConfigurationPlatforms) = postSolution
		{F13B3643-9665-46EA-AB10-58FBFDF84EBB}.Debug|Any CPU.ActiveCfg = Debug|Any CPU
		{F13B3643-9665-46EA-AB10-58FBFDF84EBB}.Debug|Any CPU.Build.0 = Debug|Any CPU
		{F13B3643-9665-46EA-AB10-58FBFDF84EBB}.Release|Any CPU.ActiveCfg = Release|Any CPU
		{F13B3643-9665-46EA-AB10-58FBFDF84EBB}.Release|Any CPU.Build.0 = Release|Any CPU
	EndGlobalSection
	GlobalSection(SolutionProperties) = preSolution
		HideSolutionNode = FALSE
	EndGlobalSection
	GlobalSection(ExtensibilityGlobals) = postSolution
		SolutionGuid = {D02852A9-25F3-408D-B0E6-001AB743A0AA}
	EndGlobalSection
EndGlobal
